
Microsoft Visual Studio Solution File, Format Version 12.00
# Visual Studio Version 17
VisualStudioVersion = 17.4.33110.190
MinimumVisualStudioVersion = 10.0.40219.1
Project("{FAE04EC0-301F-11D3-BF4B-00C04F79EFBC}") = "Excelling", "Excelling\Excelling.csproj", "{714181E8-C7B0-4FB1-90E5-8C97098F64B4}"
EndProject
Global
	GlobalSection(SolutionConfigurationPlatforms) = preSolution
		Debug|Any CPU = Debug|Any CPU
		Release|Any CPU = Release|Any CPU
	EndGlobalSection
	GlobalSection(ProjectConfigurationPlatforms) = postSolution
		{714181E8-C7B0-4FB1-90E5-8C97098F64B4}.Debug|Any CPU.ActiveCfg = Debug|Any CPU
		{714181E8-C7B0-4FB1-90E5-8C97098F64B4}.Debug|Any CPU.Build.0 = Debug|Any CPU
		{714181E8-C7B0-4FB1-90E5-8C97098F64B4}.Release|Any CPU.ActiveCfg = Release|Any CPU
		{714181E8-C7B0-4FB1-90E5-8C97098F64B4}.Release|Any CPU.Build.0 = Release|Any CPU
	EndGlobalSection
	GlobalSection(SolutionProperties) = preSolution
		HideSolutionNode = FALSE
	EndGlobalSection
	GlobalSection(ExtensibilityGlobals) = postSolution
		SolutionGuid = {3C65322F-15E8-4015-8BA0-6F6DC1AF7E92}
	EndGlobalSection
EndGlobal
